
Microsoft Visual Studio Solution File, Format Version 12.00
# Visual Studio Version 17
VisualStudioVersion = 17.2.32516.85
MinimumVisualStudioVersion = 10.0.40219.1
Project("{2150E333-8FDC-42A3-9474-1A3956D46DE8}") = "src", "src", "{A54F32A6-7B37-492A-A2D2-2A76EF064CFC}"
EndProject
Project("{2150E333-8FDC-42A3-9474-1A3956D46DE8}") = "Building Blocks", "Building Blocks", "{7ECD1D39-1C81-4BCF-AF15-6EE1FC2C071A}"
EndProject
Project("{2150E333-8FDC-42A3-9474-1A3956D46DE8}") = "Services", "Services", "{3019F4E3-0378-4FDF-8C1B-48BC83984C39}"
EndProject
Project("{2150E333-8FDC-42A3-9474-1A3956D46DE8}") = "Web", "Web", "{5D6D0213-8A05-441B-8D2C-71536DF381BE}"
EndProject
Project("{2150E333-8FDC-42A3-9474-1A3956D46DE8}") = "Identidade", "Identidade", "{6282091E-A7B4-4F14-AC5A-A82730D656B0}"
EndProject
Project("{FAE04EC0-301F-11D3-BF4B-00C04F79EFBC}") = "NSE.Identidade.API", "src\services\NSE.Identidade.API\NSE.Identidade.API.csproj", "{86C06376-1650-4F20-A500-CCFE5DA435F5}"
EndProject
Project("{2150E333-8FDC-42A3-9474-1A3956D46DE8}") = "MVC", "MVC", "{DCE974D3-FA43-4E83-8275-0351BABEDCFA}"
EndProject
Project("{FAE04EC0-301F-11D3-BF4B-00C04F79EFBC}") = "NSE.WebApp.MVC", "src\web\NSE.WebApp.MVC\NSE.WebApp.MVC.csproj", "{8478B1E1-B5B5-4666-8F89-8924FAEB8F9A}"
EndProject
Project("{2150E333-8FDC-42A3-9474-1A3956D46DE8}") = "Core", "Core", "{781B6D2D-7BAB-4E89-AC69-9F22FCE49A87}"
EndProject
Project("{FAE04EC0-301F-11D3-BF4B-00C04F79EFBC}") = "NSE.Core", "src\building blocks\NSE.Core\NSE.Core.csproj", "{7F19D1AD-DA15-480F-903E-390A0343D9E3}"
EndProject
Project("{2150E333-8FDC-42A3-9474-1A3956D46DE8}") = "Carrinho", "Carrinho", "{7182555D-69E7-4CCB-B5AD-9D0DD04B3AE1}"
EndProject
Project("{2150E333-8FDC-42A3-9474-1A3956D46DE8}") = "Catalogo", "Catalogo", "{9D3B9F82-BF6F-4703-8335-53BC8B35F00E}"
EndProject
Project("{2150E333-8FDC-42A3-9474-1A3956D46DE8}") = "Cliente", "Cliente", "{1F3CE0BE-5A9C-4C7F-BED0-AF97B6B10ECB}"
EndProject
Project("{2150E333-8FDC-42A3-9474-1A3956D46DE8}") = "Pagamento", "Pagamento", "{B3E7701D-1288-40D5-8ABA-14B1FE1804DB}"
EndProject
Project("{2150E333-8FDC-42A3-9474-1A3956D46DE8}") = "Pedido", "Pedido", "{DE5C273C-9622-470B-A67B-6DB4297B2341}"
EndProject
Project("{FAE04EC0-301F-11D3-BF4B-00C04F79EFBC}") = "NSE.Carrinho.API", "src\services\NSE.Carrinho.API\NSE.Carrinho.API.csproj", "{52302F18-A597-489C-B1AE-A38C7D53A9A1}"
EndProject
Project("{FAE04EC0-301F-11D3-BF4B-00C04F79EFBC}") = "NSE.Catalogo.API", "src\services\NSE.Catalogo.API\NSE.Catalogo.API.csproj", "{0F3E65DC-A2BE-4149-89B5-39E4EE9EA573}"
EndProject
Project("{FAE04EC0-301F-11D3-BF4B-00C04F79EFBC}") = "NSE.Cliente.API", "src\services\NSE.Cliente.API\NSE.Cliente.API.csproj", "{0181E799-9190-4B98-BCF8-FA4CFE7A3832}"
EndProject
Project("{FAE04EC0-301F-11D3-BF4B-00C04F79EFBC}") = "NSE.Pagamento.API", "src\services\NSE.Pagamento.API\NSE.Pagamento.API.csproj", "{7A7E914C-D3F9-422C-A1A3-6712FFED8C1E}"
EndProject
Project("{FAE04EC0-301F-11D3-BF4B-00C04F79EFBC}") = "NSE.Pedido.API", "src\NSE.Pedido.API\NSE.Pedido.API.csproj", "{5D71FC1E-CD79-4204-AA28-79A0399A04B3}"
EndProject
Global
	GlobalSection(SolutionConfigurationPlatforms) = preSolution
		Debug|Any CPU = Debug|Any CPU
		Release|Any CPU = Release|Any CPU
	EndGlobalSection
	GlobalSection(ProjectConfigurationPlatforms) = postSolution
		{86C06376-1650-4F20-A500-CCFE5DA435F5}.Debug|Any CPU.ActiveCfg = Debug|Any CPU
		{86C06376-1650-4F20-A500-CCFE5DA435F5}.Debug|Any CPU.Build.0 = Debug|Any CPU
		{86C06376-1650-4F20-A500-CCFE5DA435F5}.Release|Any CPU.ActiveCfg = Release|Any CPU
		{86C06376-1650-4F20-A500-CCFE5DA435F5}.Release|Any CPU.Build.0 = Release|Any CPU
		{8478B1E1-B5B5-4666-8F89-8924FAEB8F9A}.Debug|Any CPU.ActiveCfg = Debug|Any CPU
		{8478B1E1-B5B5-4666-8F89-8924FAEB8F9A}.Debug|Any CPU.Build.0 = Debug|Any CPU
		{8478B1E1-B5B5-4666-8F89-8924FAEB8F9A}.Release|Any CPU.ActiveCfg = Release|Any CPU
		{8478B1E1-B5B5-4666-8F89-8924FAEB8F9A}.Release|Any CPU.Build.0 = Release|Any CPU
		{7F19D1AD-DA15-480F-903E-390A0343D9E3}.Debug|Any CPU.ActiveCfg = Debug|Any CPU
		{7F19D1AD-DA15-480F-903E-390A0343D9E3}.Debug|Any CPU.Build.0 = Debug|Any CPU
		{7F19D1AD-DA15-480F-903E-390A0343D9E3}.Release|Any CPU.ActiveCfg = Release|Any CPU
		{7F19D1AD-DA15-480F-903E-390A0343D9E3}.Release|Any CPU.Build.0 = Release|Any CPU
		{52302F18-A597-489C-B1AE-A38C7D53A9A1}.Debug|Any CPU.ActiveCfg = Debug|Any CPU
		{52302F18-A597-489C-B1AE-A38C7D53A9A1}.Debug|Any CPU.Build.0 = Debug|Any CPU
		{52302F18-A597-489C-B1AE-A38C7D53A9A1}.Release|Any CPU.ActiveCfg = Release|Any CPU
		{52302F18-A597-489C-B1AE-A38C7D53A9A1}.Release|Any CPU.Build.0 = Release|Any CPU
		{0F3E65DC-A2BE-4149-89B5-39E4EE9EA573}.Debug|Any CPU.ActiveCfg = Debug|Any CPU
		{0F3E65DC-A2BE-4149-89B5-39E4EE9EA573}.Debug|Any CPU.Build.0 = Debug|Any CPU
		{0F3E65DC-A2BE-4149-89B5-39E4EE9EA573}.Release|Any CPU.ActiveCfg = Release|Any CPU
		{0F3E65DC-A2BE-4149-89B5-39E4EE9EA573}.Release|Any CPU.Build.0 = Release|Any CPU
		{0181E799-9190-4B98-BCF8-FA4CFE7A3832}.Debug|Any CPU.ActiveCfg = Debug|Any CPU
		{0181E799-9190-4B98-BCF8-FA4CFE7A3832}.Debug|Any CPU.Build.0 = Debug|Any CPU
		{0181E799-9190-4B98-BCF8-FA4CFE7A3832}.Release|Any CPU.ActiveCfg = Release|Any CPU
		{0181E799-9190-4B98-BCF8-FA4CFE7A3832}.Release|Any CPU.Build.0 = Release|Any CPU
		{7A7E914C-D3F9-422C-A1A3-6712FFED8C1E}.Debug|Any CPU.ActiveCfg = Debug|Any CPU
		{7A7E914C-D3F9-422C-A1A3-6712FFED8C1E}.Debug|Any CPU.Build.0 = Debug|Any CPU
		{7A7E914C-D3F9-422C-A1A3-6712FFED8C1E}.Release|Any CPU.ActiveCfg = Release|Any CPU
		{7A7E914C-D3F9-422C-A1A3-6712FFED8C1E}.Release|Any CPU.Build.0 = Release|Any CPU
		{5D71FC1E-CD79-4204-AA28-79A0399A04B3}.Debug|Any CPU.ActiveCfg = Debug|Any CPU
		{5D71FC1E-CD79-4204-AA28-79A0399A04B3}.Debug|Any CPU.Build.0 = Debug|Any CPU
		{5D71FC1E-CD79-4204-AA28-79A0399A04B3}.Release|Any CPU.ActiveCfg = Release|Any CPU
		{5D71FC1E-CD79-4204-AA28-79A0399A04B3}.Release|Any CPU.Build.0 = Release|Any CPU
	EndGlobalSection
	GlobalSection(SolutionProperties) = preSolution
		HideSolutionNode = FALSE
	EndGlobalSection
	GlobalSection(NestedProjects) = preSolution
		{7ECD1D39-1C81-4BCF-AF15-6EE1FC2C071A} = {A54F32A6-7B37-492A-A2D2-2A76EF064CFC}
		{3019F4E3-0378-4FDF-8C1B-48BC83984C39} = {A54F32A6-7B37-492A-A2D2-2A76EF064CFC}
		{5D6D0213-8A05-441B-8D2C-71536DF381BE} = {A54F32A6-7B37-492A-A2D2-2A76EF064CFC}
		{6282091E-A7B4-4F14-AC5A-A82730D656B0} = {3019F4E3-0378-4FDF-8C1B-48BC83984C39}
		{86C06376-1650-4F20-A500-CCFE5DA435F5} = {6282091E-A7B4-4F14-AC5A-A82730D656B0}
		{DCE974D3-FA43-4E83-8275-0351BABEDCFA} = {5D6D0213-8A05-441B-8D2C-71536DF381BE}
		{8478B1E1-B5B5-4666-8F89-8924FAEB8F9A} = {DCE974D3-FA43-4E83-8275-0351BABEDCFA}
		{781B6D2D-7BAB-4E89-AC69-9F22FCE49A87} = {7ECD1D39-1C81-4BCF-AF15-6EE1FC2C071A}
		{7F19D1AD-DA15-480F-903E-390A0343D9E3} = {781B6D2D-7BAB-4E89-AC69-9F22FCE49A87}
		{7182555D-69E7-4CCB-B5AD-9D0DD04B3AE1} = {3019F4E3-0378-4FDF-8C1B-48BC83984C39}
		{9D3B9F82-BF6F-4703-8335-53BC8B35F00E} = {3019F4E3-0378-4FDF-8C1B-48BC83984C39}
		{1F3CE0BE-5A9C-4C7F-BED0-AF97B6B10ECB} = {3019F4E3-0378-4FDF-8C1B-48BC83984C39}
		{B3E7701D-1288-40D5-8ABA-14B1FE1804DB} = {3019F4E3-0378-4FDF-8C1B-48BC83984C39}
		{DE5C273C-9622-470B-A67B-6DB4297B2341} = {3019F4E3-0378-4FDF-8C1B-48BC83984C39}
		{52302F18-A597-489C-B1AE-A38C7D53A9A1} = {7182555D-69E7-4CCB-B5AD-9D0DD04B3AE1}
		{0F3E65DC-A2BE-4149-89B5-39E4EE9EA573} = {9D3B9F82-BF6F-4703-8335-53BC8B35F00E}
		{0181E799-9190-4B98-BCF8-FA4CFE7A3832} = {1F3CE0BE-5A9C-4C7F-BED0-AF97B6B10ECB}
		{7A7E914C-D3F9-422C-A1A3-6712FFED8C1E} = {B3E7701D-1288-40D5-8ABA-14B1FE1804DB}
		{5D71FC1E-CD79-4204-AA28-79A0399A04B3} = {DE5C273C-9622-470B-A67B-6DB4297B2341}
	EndGlobalSection
	GlobalSection(ExtensibilityGlobals) = postSolution
		SolutionGuid = {31FCA4C3-0605-459A-861E-E7F65A2E7916}
	EndGlobalSection
EndGlobal
